
Microsoft Visual Studio Solution File, Format Version 12.00
# Visual Studio Version 17
VisualStudioVersion = 17.9.34728.123
MinimumVisualStudioVersion = 10.0.40219.1
Project("{FAE04EC0-301F-11D3-BF4B-00C04F79EFBC}") = "ChecksumForEanCode", "ChecksumForEanCode\ChecksumForEanCode.csproj", "{4A59CBD3-726A-4419-BA81-5E6028ADDACA}"
EndProject
Project("{FAE04EC0-301F-11D3-BF4B-00C04F79EFBC}") = "ChecksumForEanCodeAft", "ChecksumForEanCodeAft\ChecksumForEanCodeAft.csproj", "{821D37D8-1508-4DFA-B316-1066D384E807}"
EndProject
Global
	GlobalSection(SolutionConfigurationPlatforms) = preSolution
		Debug|Any CPU = Debug|Any CPU
		Release|Any CPU = Release|Any CPU
	EndGlobalSection
	GlobalSection(ProjectConfigurationPlatforms) = postSolution
		{4A59CBD3-726A-4419-BA81-5E6028ADDACA}.Debug|Any CPU.ActiveCfg = Debug|Any CPU
		{4A59CBD3-726A-4419-BA81-5E6028ADDACA}.Debug|Any CPU.Build.0 = Debug|Any CPU
		{4A59CBD3-726A-4419-BA81-5E6028ADDACA}.Release|Any CPU.ActiveCfg = Release|Any CPU
		{4A59CBD3-726A-4419-BA81-5E6028ADDACA}.Release|Any CPU.Build.0 = Release|Any CPU
		{821D37D8-1508-4DFA-B316-1066D384E807}.Debug|Any CPU.ActiveCfg = Debug|Any CPU
		{821D37D8-1508-4DFA-B316-1066D384E807}.Debug|Any CPU.Build.0 = Debug|Any CPU
		{821D37D8-1508-4DFA-B316-1066D384E807}.Release|Any CPU.ActiveCfg = Release|Any CPU
		{821D37D8-1508-4DFA-B316-1066D384E807}.Release|Any CPU.Build.0 = Release|Any CPU
	EndGlobalSection
	GlobalSection(SolutionProperties) = preSolution
		HideSolutionNode = FALSE
	EndGlobalSection
	GlobalSection(ExtensibilityGlobals) = postSolution
		SolutionGuid = {C0CC995C-4707-41DB-B6C5-C4379F86195A}
	EndGlobalSection
EndGlobal
